
Microsoft Visual Studio Solution File, Format Version 12.00
# Visual Studio Version 16
VisualStudioVersion = 16.0.29911.84
MinimumVisualStudioVersion = 10.0.40219.1
Project("{FAE04EC0-301F-11D3-BF4B-00C04F79EFBC}") = "NewScheduler", "NewScheduler\NewScheduler.csproj", "{3510C31B-45D5-4736-A4C1-4D3F3F09C7D5}"
EndProject
Project("{FAE04EC0-301F-11D3-BF4B-00C04F79EFBC}") = "SQL", "SQL\SQL.csproj", "{35B9D4DF-42A8-4681-856B-8A1E2B4D27C2}"
EndProject
Global
	GlobalSection(SolutionConfigurationPlatforms) = preSolution
		Debug|Any CPU = Debug|Any CPU
		Release|Any CPU = Release|Any CPU
	EndGlobalSection
	GlobalSection(ProjectConfigurationPlatforms) = postSolution
		{3510C31B-45D5-4736-A4C1-4D3F3F09C7D5}.Debug|Any CPU.ActiveCfg = Debug|Any CPU
		{3510C31B-45D5-4736-A4C1-4D3F3F09C7D5}.Debug|Any CPU.Build.0 = Debug|Any CPU
		{3510C31B-45D5-4736-A4C1-4D3F3F09C7D5}.Release|Any CPU.ActiveCfg = Release|Any CPU
		{3510C31B-45D5-4736-A4C1-4D3F3F09C7D5}.Release|Any CPU.Build.0 = Release|Any CPU
		{35B9D4DF-42A8-4681-856B-8A1E2B4D27C2}.Debug|Any CPU.ActiveCfg = Debug|Any CPU
		{35B9D4DF-42A8-4681-856B-8A1E2B4D27C2}.Debug|Any CPU.Build.0 = Debug|Any CPU
		{35B9D4DF-42A8-4681-856B-8A1E2B4D27C2}.Release|Any CPU.ActiveCfg = Release|Any CPU
		{35B9D4DF-42A8-4681-856B-8A1E2B4D27C2}.Release|Any CPU.Build.0 = Release|Any CPU
	EndGlobalSection
	GlobalSection(SolutionProperties) = preSolution
		HideSolutionNode = FALSE
	EndGlobalSection
	GlobalSection(ExtensibilityGlobals) = postSolution
		SolutionGuid = {B450B9CC-B0AF-46E2-8BD1-D17CCFD5A362}
	EndGlobalSection
EndGlobal
