
Microsoft Visual Studio Solution File, Format Version 12.00
# Visual Studio Version 16
VisualStudioVersion = 16.0.29230.47
MinimumVisualStudioVersion = 10.0.40219.1
Project("{FAE04EC0-301F-11D3-BF4B-00C04F79EFBC}") = "SimpleSheduler.CMD", "SimpleSheduler.CMD\SimpleSheduler.CMD.csproj", "{B0A135D7-6890-424F-B13C-22D13D433B6F}"
EndProject
Project("{FAE04EC0-301F-11D3-BF4B-00C04F79EFBC}") = "SimpleSheduler.BD", "SimpleSheduler.BD\SimpleSheduler.BD.csproj", "{E56CC290-5A77-4FE7-8A37-D7DDACC4C190}"
EndProject
Project("{FAE04EC0-301F-11D3-BF4B-00C04F79EFBC}") = "SimpleSheduler.BL", "SimpleSheduler.BL\SimpleSheduler.BL.csproj", "{30FFD8C4-8C26-4080-8F65-06E4B7F508A5}"
EndProject
Project("{FAE04EC0-301F-11D3-BF4B-00C04F79EFBC}") = "SimpleSheduler.WPF", "SimpleSheduler.WPF\SimpleSheduler.WPF.csproj", "{85673722-BD62-4C8C-A6F8-0C2376332449}"
EndProject
Project("{FAE04EC0-301F-11D3-BF4B-00C04F79EFBC}") = "SimpleSheduler.WPF.BL", "SimpleSheduler.WPF.BL\SimpleSheduler.WPF.BL.csproj", "{46DA7BED-C91A-4DCB-AB35-9B0618785682}"
EndProject
Project("{FAE04EC0-301F-11D3-BF4B-00C04F79EFBC}") = "ViewingDB.WPF", "ViewingDB.WPF\ViewingDB.WPF.csproj", "{D7E0E8A6-6D8E-4F11-8308-DE728F28B35D}"
EndProject
Project("{FAE04EC0-301F-11D3-BF4B-00C04F79EFBC}") = "SetFilling.WPF", "SetFilling.WPF\SetFilling.WPF.csproj", "{4A9418E0-74C8-4174-977D-3F5F397D392C}"
EndProject
Project("{FAE04EC0-301F-11D3-BF4B-00C04F79EFBC}") = "MainSheduler.WPF", "MainSheduler.WPF\MainSheduler.WPF.csproj", "{610C7B1F-1C1D-4405-9BF5-E9E87D661618}"
EndProject
Global
	GlobalSection(SolutionConfigurationPlatforms) = preSolution
		Debug|Any CPU = Debug|Any CPU
		Release|Any CPU = Release|Any CPU
	EndGlobalSection
	GlobalSection(ProjectConfigurationPlatforms) = postSolution
		{B0A135D7-6890-424F-B13C-22D13D433B6F}.Debug|Any CPU.ActiveCfg = Debug|Any CPU
		{B0A135D7-6890-424F-B13C-22D13D433B6F}.Debug|Any CPU.Build.0 = Debug|Any CPU
		{B0A135D7-6890-424F-B13C-22D13D433B6F}.Release|Any CPU.ActiveCfg = Release|Any CPU
		{B0A135D7-6890-424F-B13C-22D13D433B6F}.Release|Any CPU.Build.0 = Release|Any CPU
		{E56CC290-5A77-4FE7-8A37-D7DDACC4C190}.Debug|Any CPU.ActiveCfg = Debug|Any CPU
		{E56CC290-5A77-4FE7-8A37-D7DDACC4C190}.Debug|Any CPU.Build.0 = Debug|Any CPU
		{E56CC290-5A77-4FE7-8A37-D7DDACC4C190}.Release|Any CPU.ActiveCfg = Release|Any CPU
		{E56CC290-5A77-4FE7-8A37-D7DDACC4C190}.Release|Any CPU.Build.0 = Release|Any CPU
		{30FFD8C4-8C26-4080-8F65-06E4B7F508A5}.Debug|Any CPU.ActiveCfg = Debug|Any CPU
		{30FFD8C4-8C26-4080-8F65-06E4B7F508A5}.Debug|Any CPU.Build.0 = Debug|Any CPU
		{30FFD8C4-8C26-4080-8F65-06E4B7F508A5}.Release|Any CPU.ActiveCfg = Release|Any CPU
		{30FFD8C4-8C26-4080-8F65-06E4B7F508A5}.Release|Any CPU.Build.0 = Release|Any CPU
		{85673722-BD62-4C8C-A6F8-0C2376332449}.Debug|Any CPU.ActiveCfg = Debug|Any CPU
		{85673722-BD62-4C8C-A6F8-0C2376332449}.Debug|Any CPU.Build.0 = Debug|Any CPU
		{85673722-BD62-4C8C-A6F8-0C2376332449}.Release|Any CPU.ActiveCfg = Release|Any CPU
		{85673722-BD62-4C8C-A6F8-0C2376332449}.Release|Any CPU.Build.0 = Release|Any CPU
		{46DA7BED-C91A-4DCB-AB35-9B0618785682}.Debug|Any CPU.ActiveCfg = Debug|Any CPU
		{46DA7BED-C91A-4DCB-AB35-9B0618785682}.Debug|Any CPU.Build.0 = Debug|Any CPU
		{46DA7BED-C91A-4DCB-AB35-9B0618785682}.Release|Any CPU.ActiveCfg = Release|Any CPU
		{46DA7BED-C91A-4DCB-AB35-9B0618785682}.Release|Any CPU.Build.0 = Release|Any CPU
		{D7E0E8A6-6D8E-4F11-8308-DE728F28B35D}.Debug|Any CPU.ActiveCfg = Debug|Any CPU
		{D7E0E8A6-6D8E-4F11-8308-DE728F28B35D}.Debug|Any CPU.Build.0 = Debug|Any CPU
		{D7E0E8A6-6D8E-4F11-8308-DE728F28B35D}.Release|Any CPU.ActiveCfg = Release|Any CPU
		{D7E0E8A6-6D8E-4F11-8308-DE728F28B35D}.Release|Any CPU.Build.0 = Release|Any CPU
		{4A9418E0-74C8-4174-977D-3F5F397D392C}.Debug|Any CPU.ActiveCfg = Debug|Any CPU
		{4A9418E0-74C8-4174-977D-3F5F397D392C}.Debug|Any CPU.Build.0 = Debug|Any CPU
		{4A9418E0-74C8-4174-977D-3F5F397D392C}.Release|Any CPU.ActiveCfg = Release|Any CPU
		{4A9418E0-74C8-4174-977D-3F5F397D392C}.Release|Any CPU.Build.0 = Release|Any CPU
		{610C7B1F-1C1D-4405-9BF5-E9E87D661618}.Debug|Any CPU.ActiveCfg = Debug|Any CPU
		{610C7B1F-1C1D-4405-9BF5-E9E87D661618}.Debug|Any CPU.Build.0 = Debug|Any CPU
		{610C7B1F-1C1D-4405-9BF5-E9E87D661618}.Release|Any CPU.ActiveCfg = Release|Any CPU
		{610C7B1F-1C1D-4405-9BF5-E9E87D661618}.Release|Any CPU.Build.0 = Release|Any CPU
	EndGlobalSection
	GlobalSection(SolutionProperties) = preSolution
		HideSolutionNode = FALSE
	EndGlobalSection
	GlobalSection(ExtensibilityGlobals) = postSolution
		SolutionGuid = {3F8506C0-8FEA-45D7-B00A-BAB82B5BA2E5}
	EndGlobalSection
EndGlobal
