
Microsoft Visual Studio Solution File, Format Version 12.00
# Visual Studio Version 16
VisualStudioVersion = 16.0.29230.47
MinimumVisualStudioVersion = 10.0.40219.1
Project("{FAE04EC0-301F-11D3-BF4B-00C04F79EFBC}") = "SimpleSheduler.CMD", "SimpleSheduler.CMD\SimpleSheduler.CMD.csproj", "{B0A135D7-6890-424F-B13C-22D13D433B6F}"
EndProject
Project("{FAE04EC0-301F-11D3-BF4B-00C04F79EFBC}") = "SimpleSheduler.BD", "SimpleSheduler.BD\SimpleSheduler.BD.csproj", "{E56CC290-5A77-4FE7-8A37-D7DDACC4C190}"
EndProject
Project("{FAE04EC0-301F-11D3-BF4B-00C04F79EFBC}") = "SimpleSheduler.BL", "SimpleSheduler.BL\SimpleSheduler.BL.csproj", "{30FFD8C4-8C26-4080-8F65-06E4B7F508A5}"
EndProject
Project("{2150E333-8FDC-42A3-9474-1A3956D46DE8}") = "SQL", "SQL", "{4E769645-3BAB-4CE8-9CBD-4C020CC7E812}"
	ProjectSection(SolutionItems) = preProject
		..\SQL\ShedulerTest.mdf = ..\SQL\ShedulerTest.mdf
		..\SQL\ShedulerTest_log.ldf = ..\SQL\ShedulerTest_log.ldf
	EndProjectSection
EndProject
Global
	GlobalSection(SolutionConfigurationPlatforms) = preSolution
		Debug|Any CPU = Debug|Any CPU
		Release|Any CPU = Release|Any CPU
	EndGlobalSection
	GlobalSection(ProjectConfigurationPlatforms) = postSolution
		{B0A135D7-6890-424F-B13C-22D13D433B6F}.Debug|Any CPU.ActiveCfg = Debug|Any CPU
		{B0A135D7-6890-424F-B13C-22D13D433B6F}.Debug|Any CPU.Build.0 = Debug|Any CPU
		{B0A135D7-6890-424F-B13C-22D13D433B6F}.Release|Any CPU.ActiveCfg = Release|Any CPU
		{B0A135D7-6890-424F-B13C-22D13D433B6F}.Release|Any CPU.Build.0 = Release|Any CPU
		{E56CC290-5A77-4FE7-8A37-D7DDACC4C190}.Debug|Any CPU.ActiveCfg = Debug|Any CPU
		{E56CC290-5A77-4FE7-8A37-D7DDACC4C190}.Debug|Any CPU.Build.0 = Debug|Any CPU
		{E56CC290-5A77-4FE7-8A37-D7DDACC4C190}.Release|Any CPU.ActiveCfg = Release|Any CPU
		{E56CC290-5A77-4FE7-8A37-D7DDACC4C190}.Release|Any CPU.Build.0 = Release|Any CPU
		{30FFD8C4-8C26-4080-8F65-06E4B7F508A5}.Debug|Any CPU.ActiveCfg = Debug|Any CPU
		{30FFD8C4-8C26-4080-8F65-06E4B7F508A5}.Debug|Any CPU.Build.0 = Debug|Any CPU
		{30FFD8C4-8C26-4080-8F65-06E4B7F508A5}.Release|Any CPU.ActiveCfg = Release|Any CPU
		{30FFD8C4-8C26-4080-8F65-06E4B7F508A5}.Release|Any CPU.Build.0 = Release|Any CPU
	EndGlobalSection
	GlobalSection(SolutionProperties) = preSolution
		HideSolutionNode = FALSE
	EndGlobalSection
	GlobalSection(ExtensibilityGlobals) = postSolution
		SolutionGuid = {3F8506C0-8FEA-45D7-B00A-BAB82B5BA2E5}
	EndGlobalSection
EndGlobal
