
Microsoft Visual Studio Solution File, Format Version 12.00
# Visual Studio Version 16
VisualStudioVersion = 16.0.29102.190
MinimumVisualStudioVersion = 10.0.40219.1
Project("{FAE04EC0-301F-11D3-BF4B-00C04F79EFBC}") = "Interface", "Interface\Interface.csproj", "{445C8A35-4EC3-4C8A-A314-92676C9A5023}"
EndProject
Project("{FAE04EC0-301F-11D3-BF4B-00C04F79EFBC}") = "Semester", "Semester\Semester.csproj", "{86196A51-41A8-4E3B-A144-4704AD7CB4CA}"
EndProject
Project("{FAE04EC0-301F-11D3-BF4B-00C04F79EFBC}") = "ClassRoom", "ClassRoom\ClassRoom.csproj", "{8900AFB0-E5B8-4160-BF88-12AE9A7DBCCD}"
EndProject
Project("{FAE04EC0-301F-11D3-BF4B-00C04F79EFBC}") = "Group", "Group\Group.csproj", "{7C39D6F0-EAEE-4D17-9E78-4BC4B4CE7EE5}"
EndProject
Project("{FAE04EC0-301F-11D3-BF4B-00C04F79EFBC}") = "Gender", "Gender\Gender.csproj", "{317B51A9-5BCD-46BE-8027-72EFA81D4E8A}"
EndProject
Project("{FAE04EC0-301F-11D3-BF4B-00C04F79EFBC}") = "DaysOfStudy", "DaysOfStudy\DaysOfStudy.csproj", "{A1080797-C4AB-4D13-B82F-F400C37DDD20}"
EndProject
Project("{FAE04EC0-301F-11D3-BF4B-00C04F79EFBC}") = "Person", "Person\Person.csproj", "{738AA76D-3A2B-498C-82BD-868B85D5AC5A}"
EndProject
Project("{FAE04EC0-301F-11D3-BF4B-00C04F79EFBC}") = "Subject", "Subject\Subject.csproj", "{F370C4E7-2E53-45F3-9A2C-AB97F712CB14}"
EndProject
Project("{FAE04EC0-301F-11D3-BF4B-00C04F79EFBC}") = "TimeLessons", "TimeLessons\TimeLessons.csproj", "{CA688E9D-A5A1-4EDE-A216-F906886B5A37}"
EndProject
Project("{FAE04EC0-301F-11D3-BF4B-00C04F79EFBC}") = "SubjectOfTeacher", "SubjectOfTeacher\SubjectOfTeacher.csproj", "{95A11A21-CC17-42BA-B685-FC0242963DB0}"
EndProject
Project("{FAE04EC0-301F-11D3-BF4B-00C04F79EFBC}") = "TypeLessons", "TypeLessons\TypeLessons.csproj", "{68A24BD2-1F1B-42AA-9FE9-25BE45357D0C}"
EndProject
Project("{FAE04EC0-301F-11D3-BF4B-00C04F79EFBC}") = "Teacher", "Teacher\Teacher.csproj", "{92DB84A6-53C1-4A56-AA54-C257F701CD01}"
EndProject
Project("{FAE04EC0-301F-11D3-BF4B-00C04F79EFBC}") = "PlanOfLessons", "PlanOfLessons\PlanOfLessons.csproj", "{DCDF153F-64E6-4554-92D5-0F00D553DA26}"
EndProject
Project("{FAE04EC0-301F-11D3-BF4B-00C04F79EFBC}") = "MainConsoleProject", "MainConsoleProject\MainConsoleProject.csproj", "{4B03F3CF-2029-4E77-BDBB-DBFDBB50CEF0}"
EndProject
Project("{FAE04EC0-301F-11D3-BF4B-00C04F79EFBC}") = "NumberOfLesson", "NumberOfLesson\NumberOfLesson.csproj", "{8B866FA4-6E6B-43FB-B726-88615A7A17B2}"
EndProject
Project("{2150E333-8FDC-42A3-9474-1A3956D46DE8}") = "Classes", "Classes", "{63C8D5DC-27C3-4878-BB2B-BD48E2C0F6A9}"
EndProject
Project("{2150E333-8FDC-42A3-9474-1A3956D46DE8}") = "Tests", "Tests", "{D3FE3C8A-1F0C-4295-A3EE-C8ACD72A416E}"
EndProject
Project("{FAE04EC0-301F-11D3-BF4B-00C04F79EFBC}") = "UnitTestClassRoom", "UnitTestProject1\UnitTestClassRoom.csproj", "{9B7E864A-E983-4E62-AE2B-E15BBA888FB0}"
EndProject
Project("{FAE04EC0-301F-11D3-BF4B-00C04F79EFBC}") = "UnitTestDaysOfStudy", "UnitTestDaysOfStudy\UnitTestDaysOfStudy.csproj", "{34F084A5-E050-42EF-A0BF-632279494837}"
EndProject
Project("{FAE04EC0-301F-11D3-BF4B-00C04F79EFBC}") = "UnitTestGender", "UnitTestGender\UnitTestGender.csproj", "{C453D67B-47D5-4383-B5D0-34DFFDEEB448}"
EndProject
Project("{FAE04EC0-301F-11D3-BF4B-00C04F79EFBC}") = "UnitTestGroup", "UnitTestGroup\UnitTestGroup.csproj", "{6523F42C-516D-4584-92D1-AD41B4998E54}"
EndProject
Project("{FAE04EC0-301F-11D3-BF4B-00C04F79EFBC}") = "UnitTestNumberOfLesson", "NumberOfLessonTests\UnitTestNumberOfLesson.csproj", "{11F99BB0-3FDF-4A72-8B3E-6A84C073CABF}"
EndProject
Project("{FAE04EC0-301F-11D3-BF4B-00C04F79EFBC}") = "UnitTestPerson", "UnitTestPerson\UnitTestPerson.csproj", "{5669EC9A-8663-46B3-8E4A-A9B72D118950}"
EndProject
Project("{FAE04EC0-301F-11D3-BF4B-00C04F79EFBC}") = "UnitTestPlanOfLessons", "UnitTestPlanOfLessons\UnitTestPlanOfLessons.csproj", "{C90065CD-FB14-4A63-A823-94794DF83147}"
EndProject
Project("{FAE04EC0-301F-11D3-BF4B-00C04F79EFBC}") = "UnitTestSemester", "UnitTestSemester\UnitTestSemester.csproj", "{CEEF1268-5194-4820-B7CC-EFFBFBEB9A99}"
EndProject
Project("{FAE04EC0-301F-11D3-BF4B-00C04F79EFBC}") = "UnitTestSubject", "UnitTestSubject\UnitTestSubject.csproj", "{B8FC3F4D-D40D-438E-90ED-96B219FF16F4}"
EndProject
Project("{FAE04EC0-301F-11D3-BF4B-00C04F79EFBC}") = "UnitTestSubjectOfTeacher", "UnitTestSubjectOfTeacher\UnitTestSubjectOfTeacher.csproj", "{6898AF5E-A585-4E36-AFB6-1D0B52345F57}"
EndProject
Project("{FAE04EC0-301F-11D3-BF4B-00C04F79EFBC}") = "UnitTestTeacher", "UnitTestTeacher\UnitTestTeacher.csproj", "{BB4E7FE9-884E-4824-BBF3-67F1C75BD556}"
EndProject
Global
	GlobalSection(SolutionConfigurationPlatforms) = preSolution
		Debug|Any CPU = Debug|Any CPU
		Release|Any CPU = Release|Any CPU
	EndGlobalSection
	GlobalSection(ProjectConfigurationPlatforms) = postSolution
		{445C8A35-4EC3-4C8A-A314-92676C9A5023}.Debug|Any CPU.ActiveCfg = Debug|Any CPU
		{445C8A35-4EC3-4C8A-A314-92676C9A5023}.Debug|Any CPU.Build.0 = Debug|Any CPU
		{445C8A35-4EC3-4C8A-A314-92676C9A5023}.Release|Any CPU.ActiveCfg = Release|Any CPU
		{445C8A35-4EC3-4C8A-A314-92676C9A5023}.Release|Any CPU.Build.0 = Release|Any CPU
		{86196A51-41A8-4E3B-A144-4704AD7CB4CA}.Debug|Any CPU.ActiveCfg = Debug|Any CPU
		{86196A51-41A8-4E3B-A144-4704AD7CB4CA}.Debug|Any CPU.Build.0 = Debug|Any CPU
		{86196A51-41A8-4E3B-A144-4704AD7CB4CA}.Release|Any CPU.ActiveCfg = Release|Any CPU
		{86196A51-41A8-4E3B-A144-4704AD7CB4CA}.Release|Any CPU.Build.0 = Release|Any CPU
		{8900AFB0-E5B8-4160-BF88-12AE9A7DBCCD}.Debug|Any CPU.ActiveCfg = Debug|Any CPU
		{8900AFB0-E5B8-4160-BF88-12AE9A7DBCCD}.Debug|Any CPU.Build.0 = Debug|Any CPU
		{8900AFB0-E5B8-4160-BF88-12AE9A7DBCCD}.Release|Any CPU.ActiveCfg = Release|Any CPU
		{8900AFB0-E5B8-4160-BF88-12AE9A7DBCCD}.Release|Any CPU.Build.0 = Release|Any CPU
		{7C39D6F0-EAEE-4D17-9E78-4BC4B4CE7EE5}.Debug|Any CPU.ActiveCfg = Debug|Any CPU
		{7C39D6F0-EAEE-4D17-9E78-4BC4B4CE7EE5}.Debug|Any CPU.Build.0 = Debug|Any CPU
		{7C39D6F0-EAEE-4D17-9E78-4BC4B4CE7EE5}.Release|Any CPU.ActiveCfg = Release|Any CPU
		{7C39D6F0-EAEE-4D17-9E78-4BC4B4CE7EE5}.Release|Any CPU.Build.0 = Release|Any CPU
		{317B51A9-5BCD-46BE-8027-72EFA81D4E8A}.Debug|Any CPU.ActiveCfg = Debug|Any CPU
		{317B51A9-5BCD-46BE-8027-72EFA81D4E8A}.Debug|Any CPU.Build.0 = Debug|Any CPU
		{317B51A9-5BCD-46BE-8027-72EFA81D4E8A}.Release|Any CPU.ActiveCfg = Release|Any CPU
		{317B51A9-5BCD-46BE-8027-72EFA81D4E8A}.Release|Any CPU.Build.0 = Release|Any CPU
		{A1080797-C4AB-4D13-B82F-F400C37DDD20}.Debug|Any CPU.ActiveCfg = Debug|Any CPU
		{A1080797-C4AB-4D13-B82F-F400C37DDD20}.Debug|Any CPU.Build.0 = Debug|Any CPU
		{A1080797-C4AB-4D13-B82F-F400C37DDD20}.Release|Any CPU.ActiveCfg = Release|Any CPU
		{A1080797-C4AB-4D13-B82F-F400C37DDD20}.Release|Any CPU.Build.0 = Release|Any CPU
		{738AA76D-3A2B-498C-82BD-868B85D5AC5A}.Debug|Any CPU.ActiveCfg = Debug|Any CPU
		{738AA76D-3A2B-498C-82BD-868B85D5AC5A}.Debug|Any CPU.Build.0 = Debug|Any CPU
		{738AA76D-3A2B-498C-82BD-868B85D5AC5A}.Release|Any CPU.ActiveCfg = Release|Any CPU
		{738AA76D-3A2B-498C-82BD-868B85D5AC5A}.Release|Any CPU.Build.0 = Release|Any CPU
		{F370C4E7-2E53-45F3-9A2C-AB97F712CB14}.Debug|Any CPU.ActiveCfg = Debug|Any CPU
		{F370C4E7-2E53-45F3-9A2C-AB97F712CB14}.Debug|Any CPU.Build.0 = Debug|Any CPU
		{F370C4E7-2E53-45F3-9A2C-AB97F712CB14}.Release|Any CPU.ActiveCfg = Release|Any CPU
		{F370C4E7-2E53-45F3-9A2C-AB97F712CB14}.Release|Any CPU.Build.0 = Release|Any CPU
		{CA688E9D-A5A1-4EDE-A216-F906886B5A37}.Debug|Any CPU.ActiveCfg = Debug|Any CPU
		{CA688E9D-A5A1-4EDE-A216-F906886B5A37}.Debug|Any CPU.Build.0 = Debug|Any CPU
		{CA688E9D-A5A1-4EDE-A216-F906886B5A37}.Release|Any CPU.ActiveCfg = Release|Any CPU
		{CA688E9D-A5A1-4EDE-A216-F906886B5A37}.Release|Any CPU.Build.0 = Release|Any CPU
		{95A11A21-CC17-42BA-B685-FC0242963DB0}.Debug|Any CPU.ActiveCfg = Debug|Any CPU
		{95A11A21-CC17-42BA-B685-FC0242963DB0}.Debug|Any CPU.Build.0 = Debug|Any CPU
		{95A11A21-CC17-42BA-B685-FC0242963DB0}.Release|Any CPU.ActiveCfg = Release|Any CPU
		{95A11A21-CC17-42BA-B685-FC0242963DB0}.Release|Any CPU.Build.0 = Release|Any CPU
		{68A24BD2-1F1B-42AA-9FE9-25BE45357D0C}.Debug|Any CPU.ActiveCfg = Debug|Any CPU
		{68A24BD2-1F1B-42AA-9FE9-25BE45357D0C}.Debug|Any CPU.Build.0 = Debug|Any CPU
		{68A24BD2-1F1B-42AA-9FE9-25BE45357D0C}.Release|Any CPU.ActiveCfg = Release|Any CPU
		{68A24BD2-1F1B-42AA-9FE9-25BE45357D0C}.Release|Any CPU.Build.0 = Release|Any CPU
		{92DB84A6-53C1-4A56-AA54-C257F701CD01}.Debug|Any CPU.ActiveCfg = Debug|Any CPU
		{92DB84A6-53C1-4A56-AA54-C257F701CD01}.Debug|Any CPU.Build.0 = Debug|Any CPU
		{92DB84A6-53C1-4A56-AA54-C257F701CD01}.Release|Any CPU.ActiveCfg = Release|Any CPU
		{92DB84A6-53C1-4A56-AA54-C257F701CD01}.Release|Any CPU.Build.0 = Release|Any CPU
		{DCDF153F-64E6-4554-92D5-0F00D553DA26}.Debug|Any CPU.ActiveCfg = Debug|Any CPU
		{DCDF153F-64E6-4554-92D5-0F00D553DA26}.Debug|Any CPU.Build.0 = Debug|Any CPU
		{DCDF153F-64E6-4554-92D5-0F00D553DA26}.Release|Any CPU.ActiveCfg = Release|Any CPU
		{DCDF153F-64E6-4554-92D5-0F00D553DA26}.Release|Any CPU.Build.0 = Release|Any CPU
		{4B03F3CF-2029-4E77-BDBB-DBFDBB50CEF0}.Debug|Any CPU.ActiveCfg = Debug|Any CPU
		{4B03F3CF-2029-4E77-BDBB-DBFDBB50CEF0}.Debug|Any CPU.Build.0 = Debug|Any CPU
		{4B03F3CF-2029-4E77-BDBB-DBFDBB50CEF0}.Release|Any CPU.ActiveCfg = Release|Any CPU
		{4B03F3CF-2029-4E77-BDBB-DBFDBB50CEF0}.Release|Any CPU.Build.0 = Release|Any CPU
		{8B866FA4-6E6B-43FB-B726-88615A7A17B2}.Debug|Any CPU.ActiveCfg = Debug|Any CPU
		{8B866FA4-6E6B-43FB-B726-88615A7A17B2}.Debug|Any CPU.Build.0 = Debug|Any CPU
		{8B866FA4-6E6B-43FB-B726-88615A7A17B2}.Release|Any CPU.ActiveCfg = Release|Any CPU
		{8B866FA4-6E6B-43FB-B726-88615A7A17B2}.Release|Any CPU.Build.0 = Release|Any CPU
		{9B7E864A-E983-4E62-AE2B-E15BBA888FB0}.Debug|Any CPU.ActiveCfg = Debug|Any CPU
		{9B7E864A-E983-4E62-AE2B-E15BBA888FB0}.Debug|Any CPU.Build.0 = Debug|Any CPU
		{9B7E864A-E983-4E62-AE2B-E15BBA888FB0}.Release|Any CPU.ActiveCfg = Release|Any CPU
		{9B7E864A-E983-4E62-AE2B-E15BBA888FB0}.Release|Any CPU.Build.0 = Release|Any CPU
		{34F084A5-E050-42EF-A0BF-632279494837}.Debug|Any CPU.ActiveCfg = Debug|Any CPU
		{34F084A5-E050-42EF-A0BF-632279494837}.Debug|Any CPU.Build.0 = Debug|Any CPU
		{34F084A5-E050-42EF-A0BF-632279494837}.Release|Any CPU.ActiveCfg = Release|Any CPU
		{34F084A5-E050-42EF-A0BF-632279494837}.Release|Any CPU.Build.0 = Release|Any CPU
		{C453D67B-47D5-4383-B5D0-34DFFDEEB448}.Debug|Any CPU.ActiveCfg = Debug|Any CPU
		{C453D67B-47D5-4383-B5D0-34DFFDEEB448}.Debug|Any CPU.Build.0 = Debug|Any CPU
		{C453D67B-47D5-4383-B5D0-34DFFDEEB448}.Release|Any CPU.ActiveCfg = Release|Any CPU
		{C453D67B-47D5-4383-B5D0-34DFFDEEB448}.Release|Any CPU.Build.0 = Release|Any CPU
		{6523F42C-516D-4584-92D1-AD41B4998E54}.Debug|Any CPU.ActiveCfg = Debug|Any CPU
		{6523F42C-516D-4584-92D1-AD41B4998E54}.Debug|Any CPU.Build.0 = Debug|Any CPU
		{6523F42C-516D-4584-92D1-AD41B4998E54}.Release|Any CPU.ActiveCfg = Release|Any CPU
		{6523F42C-516D-4584-92D1-AD41B4998E54}.Release|Any CPU.Build.0 = Release|Any CPU
		{11F99BB0-3FDF-4A72-8B3E-6A84C073CABF}.Debug|Any CPU.ActiveCfg = Debug|Any CPU
		{11F99BB0-3FDF-4A72-8B3E-6A84C073CABF}.Debug|Any CPU.Build.0 = Debug|Any CPU
		{11F99BB0-3FDF-4A72-8B3E-6A84C073CABF}.Release|Any CPU.ActiveCfg = Release|Any CPU
		{11F99BB0-3FDF-4A72-8B3E-6A84C073CABF}.Release|Any CPU.Build.0 = Release|Any CPU
		{5669EC9A-8663-46B3-8E4A-A9B72D118950}.Debug|Any CPU.ActiveCfg = Debug|Any CPU
		{5669EC9A-8663-46B3-8E4A-A9B72D118950}.Debug|Any CPU.Build.0 = Debug|Any CPU
		{5669EC9A-8663-46B3-8E4A-A9B72D118950}.Release|Any CPU.ActiveCfg = Release|Any CPU
		{5669EC9A-8663-46B3-8E4A-A9B72D118950}.Release|Any CPU.Build.0 = Release|Any CPU
		{C90065CD-FB14-4A63-A823-94794DF83147}.Debug|Any CPU.ActiveCfg = Debug|Any CPU
		{C90065CD-FB14-4A63-A823-94794DF83147}.Debug|Any CPU.Build.0 = Debug|Any CPU
		{C90065CD-FB14-4A63-A823-94794DF83147}.Release|Any CPU.ActiveCfg = Release|Any CPU
		{C90065CD-FB14-4A63-A823-94794DF83147}.Release|Any CPU.Build.0 = Release|Any CPU
		{CEEF1268-5194-4820-B7CC-EFFBFBEB9A99}.Debug|Any CPU.ActiveCfg = Debug|Any CPU
		{CEEF1268-5194-4820-B7CC-EFFBFBEB9A99}.Debug|Any CPU.Build.0 = Debug|Any CPU
		{CEEF1268-5194-4820-B7CC-EFFBFBEB9A99}.Release|Any CPU.ActiveCfg = Release|Any CPU
		{CEEF1268-5194-4820-B7CC-EFFBFBEB9A99}.Release|Any CPU.Build.0 = Release|Any CPU
		{B8FC3F4D-D40D-438E-90ED-96B219FF16F4}.Debug|Any CPU.ActiveCfg = Debug|Any CPU
		{B8FC3F4D-D40D-438E-90ED-96B219FF16F4}.Debug|Any CPU.Build.0 = Debug|Any CPU
		{B8FC3F4D-D40D-438E-90ED-96B219FF16F4}.Release|Any CPU.ActiveCfg = Release|Any CPU
		{B8FC3F4D-D40D-438E-90ED-96B219FF16F4}.Release|Any CPU.Build.0 = Release|Any CPU
		{6898AF5E-A585-4E36-AFB6-1D0B52345F57}.Debug|Any CPU.ActiveCfg = Debug|Any CPU
		{6898AF5E-A585-4E36-AFB6-1D0B52345F57}.Debug|Any CPU.Build.0 = Debug|Any CPU
		{6898AF5E-A585-4E36-AFB6-1D0B52345F57}.Release|Any CPU.ActiveCfg = Release|Any CPU
		{6898AF5E-A585-4E36-AFB6-1D0B52345F57}.Release|Any CPU.Build.0 = Release|Any CPU
		{BB4E7FE9-884E-4824-BBF3-67F1C75BD556}.Debug|Any CPU.ActiveCfg = Debug|Any CPU
		{BB4E7FE9-884E-4824-BBF3-67F1C75BD556}.Debug|Any CPU.Build.0 = Debug|Any CPU
		{BB4E7FE9-884E-4824-BBF3-67F1C75BD556}.Release|Any CPU.ActiveCfg = Release|Any CPU
		{BB4E7FE9-884E-4824-BBF3-67F1C75BD556}.Release|Any CPU.Build.0 = Release|Any CPU
	EndGlobalSection
	GlobalSection(SolutionProperties) = preSolution
		HideSolutionNode = FALSE
	EndGlobalSection
	GlobalSection(NestedProjects) = preSolution
		{86196A51-41A8-4E3B-A144-4704AD7CB4CA} = {63C8D5DC-27C3-4878-BB2B-BD48E2C0F6A9}
		{8900AFB0-E5B8-4160-BF88-12AE9A7DBCCD} = {63C8D5DC-27C3-4878-BB2B-BD48E2C0F6A9}
		{7C39D6F0-EAEE-4D17-9E78-4BC4B4CE7EE5} = {63C8D5DC-27C3-4878-BB2B-BD48E2C0F6A9}
		{317B51A9-5BCD-46BE-8027-72EFA81D4E8A} = {63C8D5DC-27C3-4878-BB2B-BD48E2C0F6A9}
		{A1080797-C4AB-4D13-B82F-F400C37DDD20} = {63C8D5DC-27C3-4878-BB2B-BD48E2C0F6A9}
		{738AA76D-3A2B-498C-82BD-868B85D5AC5A} = {63C8D5DC-27C3-4878-BB2B-BD48E2C0F6A9}
		{F370C4E7-2E53-45F3-9A2C-AB97F712CB14} = {63C8D5DC-27C3-4878-BB2B-BD48E2C0F6A9}
		{CA688E9D-A5A1-4EDE-A216-F906886B5A37} = {63C8D5DC-27C3-4878-BB2B-BD48E2C0F6A9}
		{95A11A21-CC17-42BA-B685-FC0242963DB0} = {63C8D5DC-27C3-4878-BB2B-BD48E2C0F6A9}
		{68A24BD2-1F1B-42AA-9FE9-25BE45357D0C} = {63C8D5DC-27C3-4878-BB2B-BD48E2C0F6A9}
		{92DB84A6-53C1-4A56-AA54-C257F701CD01} = {63C8D5DC-27C3-4878-BB2B-BD48E2C0F6A9}
		{DCDF153F-64E6-4554-92D5-0F00D553DA26} = {63C8D5DC-27C3-4878-BB2B-BD48E2C0F6A9}
		{8B866FA4-6E6B-43FB-B726-88615A7A17B2} = {63C8D5DC-27C3-4878-BB2B-BD48E2C0F6A9}
		{9B7E864A-E983-4E62-AE2B-E15BBA888FB0} = {D3FE3C8A-1F0C-4295-A3EE-C8ACD72A416E}
		{34F084A5-E050-42EF-A0BF-632279494837} = {D3FE3C8A-1F0C-4295-A3EE-C8ACD72A416E}
		{C453D67B-47D5-4383-B5D0-34DFFDEEB448} = {D3FE3C8A-1F0C-4295-A3EE-C8ACD72A416E}
		{6523F42C-516D-4584-92D1-AD41B4998E54} = {D3FE3C8A-1F0C-4295-A3EE-C8ACD72A416E}
		{11F99BB0-3FDF-4A72-8B3E-6A84C073CABF} = {D3FE3C8A-1F0C-4295-A3EE-C8ACD72A416E}
		{5669EC9A-8663-46B3-8E4A-A9B72D118950} = {D3FE3C8A-1F0C-4295-A3EE-C8ACD72A416E}
		{C90065CD-FB14-4A63-A823-94794DF83147} = {D3FE3C8A-1F0C-4295-A3EE-C8ACD72A416E}
		{CEEF1268-5194-4820-B7CC-EFFBFBEB9A99} = {D3FE3C8A-1F0C-4295-A3EE-C8ACD72A416E}
		{B8FC3F4D-D40D-438E-90ED-96B219FF16F4} = {D3FE3C8A-1F0C-4295-A3EE-C8ACD72A416E}
		{6898AF5E-A585-4E36-AFB6-1D0B52345F57} = {D3FE3C8A-1F0C-4295-A3EE-C8ACD72A416E}
		{BB4E7FE9-884E-4824-BBF3-67F1C75BD556} = {D3FE3C8A-1F0C-4295-A3EE-C8ACD72A416E}
	EndGlobalSection
	GlobalSection(ExtensibilityGlobals) = postSolution
		SolutionGuid = {DE6D49CF-E98B-4D1B-88CF-07FE0BABA47B}
	EndGlobalSection
EndGlobal
