
Microsoft Visual Studio Solution File, Format Version 12.00
# Visual Studio 15
VisualStudioVersion = 15.0.28307.705
MinimumVisualStudioVersion = 10.0.40219.1
Project("{FAE04EC0-301F-11D3-BF4B-00C04F79EFBC}") = "Interface", "Interface\Interface.csproj", "{445C8A35-4EC3-4C8A-A314-92676C9A5023}"
EndProject
Project("{FAE04EC0-301F-11D3-BF4B-00C04F79EFBC}") = "Semester", "Semester\Semester.csproj", "{86196A51-41A8-4E3B-A144-4704AD7CB4CA}"
EndProject
Project("{FAE04EC0-301F-11D3-BF4B-00C04F79EFBC}") = "ClassRoom", "ClassRoom\ClassRoom.csproj", "{8900AFB0-E5B8-4160-BF88-12AE9A7DBCCD}"
EndProject
Project("{FAE04EC0-301F-11D3-BF4B-00C04F79EFBC}") = "Group", "Group\Group.csproj", "{7C39D6F0-EAEE-4D17-9E78-4BC4B4CE7EE5}"
EndProject
Project("{FAE04EC0-301F-11D3-BF4B-00C04F79EFBC}") = "Gender", "Gender\Gender.csproj", "{317B51A9-5BCD-46BE-8027-72EFA81D4E8A}"
EndProject
Project("{FAE04EC0-301F-11D3-BF4B-00C04F79EFBC}") = "DaysOfStudy", "DaysOfStudy\DaysOfStudy.csproj", "{A1080797-C4AB-4D13-B82F-F400C37DDD20}"
EndProject
Project("{FAE04EC0-301F-11D3-BF4B-00C04F79EFBC}") = "Person", "Person\Person.csproj", "{738AA76D-3A2B-498C-82BD-868B85D5AC5A}"
EndProject
Project("{FAE04EC0-301F-11D3-BF4B-00C04F79EFBC}") = "Subject", "Subject\Subject.csproj", "{F370C4E7-2E53-45F3-9A2C-AB97F712CB14}"
EndProject
Project("{FAE04EC0-301F-11D3-BF4B-00C04F79EFBC}") = "TimeLessons", "TimeLessons\TimeLessons.csproj", "{CA688E9D-A5A1-4EDE-A216-F906886B5A37}"
EndProject
Project("{FAE04EC0-301F-11D3-BF4B-00C04F79EFBC}") = "SubjectOfTeacher", "SubjectOfTeacher\SubjectOfTeacher.csproj", "{95A11A21-CC17-42BA-B685-FC0242963DB0}"
EndProject
Project("{FAE04EC0-301F-11D3-BF4B-00C04F79EFBC}") = "TypeLessons", "TypeLessons\TypeLessons.csproj", "{68A24BD2-1F1B-42AA-9FE9-25BE45357D0C}"
EndProject
Global
	GlobalSection(SolutionConfigurationPlatforms) = preSolution
		Debug|Any CPU = Debug|Any CPU
		Release|Any CPU = Release|Any CPU
	EndGlobalSection
	GlobalSection(ProjectConfigurationPlatforms) = postSolution
		{445C8A35-4EC3-4C8A-A314-92676C9A5023}.Debug|Any CPU.ActiveCfg = Debug|Any CPU
		{445C8A35-4EC3-4C8A-A314-92676C9A5023}.Debug|Any CPU.Build.0 = Debug|Any CPU
		{445C8A35-4EC3-4C8A-A314-92676C9A5023}.Release|Any CPU.ActiveCfg = Release|Any CPU
		{445C8A35-4EC3-4C8A-A314-92676C9A5023}.Release|Any CPU.Build.0 = Release|Any CPU
		{86196A51-41A8-4E3B-A144-4704AD7CB4CA}.Debug|Any CPU.ActiveCfg = Debug|Any CPU
		{86196A51-41A8-4E3B-A144-4704AD7CB4CA}.Debug|Any CPU.Build.0 = Debug|Any CPU
		{86196A51-41A8-4E3B-A144-4704AD7CB4CA}.Release|Any CPU.ActiveCfg = Release|Any CPU
		{86196A51-41A8-4E3B-A144-4704AD7CB4CA}.Release|Any CPU.Build.0 = Release|Any CPU
		{8900AFB0-E5B8-4160-BF88-12AE9A7DBCCD}.Debug|Any CPU.ActiveCfg = Debug|Any CPU
		{8900AFB0-E5B8-4160-BF88-12AE9A7DBCCD}.Debug|Any CPU.Build.0 = Debug|Any CPU
		{8900AFB0-E5B8-4160-BF88-12AE9A7DBCCD}.Release|Any CPU.ActiveCfg = Release|Any CPU
		{8900AFB0-E5B8-4160-BF88-12AE9A7DBCCD}.Release|Any CPU.Build.0 = Release|Any CPU
		{7C39D6F0-EAEE-4D17-9E78-4BC4B4CE7EE5}.Debug|Any CPU.ActiveCfg = Debug|Any CPU
		{7C39D6F0-EAEE-4D17-9E78-4BC4B4CE7EE5}.Debug|Any CPU.Build.0 = Debug|Any CPU
		{7C39D6F0-EAEE-4D17-9E78-4BC4B4CE7EE5}.Release|Any CPU.ActiveCfg = Release|Any CPU
		{7C39D6F0-EAEE-4D17-9E78-4BC4B4CE7EE5}.Release|Any CPU.Build.0 = Release|Any CPU
		{317B51A9-5BCD-46BE-8027-72EFA81D4E8A}.Debug|Any CPU.ActiveCfg = Debug|Any CPU
		{317B51A9-5BCD-46BE-8027-72EFA81D4E8A}.Debug|Any CPU.Build.0 = Debug|Any CPU
		{317B51A9-5BCD-46BE-8027-72EFA81D4E8A}.Release|Any CPU.ActiveCfg = Release|Any CPU
		{317B51A9-5BCD-46BE-8027-72EFA81D4E8A}.Release|Any CPU.Build.0 = Release|Any CPU
		{A1080797-C4AB-4D13-B82F-F400C37DDD20}.Debug|Any CPU.ActiveCfg = Debug|Any CPU
		{A1080797-C4AB-4D13-B82F-F400C37DDD20}.Debug|Any CPU.Build.0 = Debug|Any CPU
		{A1080797-C4AB-4D13-B82F-F400C37DDD20}.Release|Any CPU.ActiveCfg = Release|Any CPU
		{A1080797-C4AB-4D13-B82F-F400C37DDD20}.Release|Any CPU.Build.0 = Release|Any CPU
		{738AA76D-3A2B-498C-82BD-868B85D5AC5A}.Debug|Any CPU.ActiveCfg = Debug|Any CPU
		{738AA76D-3A2B-498C-82BD-868B85D5AC5A}.Debug|Any CPU.Build.0 = Debug|Any CPU
		{738AA76D-3A2B-498C-82BD-868B85D5AC5A}.Release|Any CPU.ActiveCfg = Release|Any CPU
		{738AA76D-3A2B-498C-82BD-868B85D5AC5A}.Release|Any CPU.Build.0 = Release|Any CPU
		{F370C4E7-2E53-45F3-9A2C-AB97F712CB14}.Debug|Any CPU.ActiveCfg = Debug|Any CPU
		{F370C4E7-2E53-45F3-9A2C-AB97F712CB14}.Debug|Any CPU.Build.0 = Debug|Any CPU
		{F370C4E7-2E53-45F3-9A2C-AB97F712CB14}.Release|Any CPU.ActiveCfg = Release|Any CPU
		{F370C4E7-2E53-45F3-9A2C-AB97F712CB14}.Release|Any CPU.Build.0 = Release|Any CPU
		{CA688E9D-A5A1-4EDE-A216-F906886B5A37}.Debug|Any CPU.ActiveCfg = Debug|Any CPU
		{CA688E9D-A5A1-4EDE-A216-F906886B5A37}.Debug|Any CPU.Build.0 = Debug|Any CPU
		{CA688E9D-A5A1-4EDE-A216-F906886B5A37}.Release|Any CPU.ActiveCfg = Release|Any CPU
		{CA688E9D-A5A1-4EDE-A216-F906886B5A37}.Release|Any CPU.Build.0 = Release|Any CPU
		{95A11A21-CC17-42BA-B685-FC0242963DB0}.Debug|Any CPU.ActiveCfg = Debug|Any CPU
		{95A11A21-CC17-42BA-B685-FC0242963DB0}.Debug|Any CPU.Build.0 = Debug|Any CPU
		{95A11A21-CC17-42BA-B685-FC0242963DB0}.Release|Any CPU.ActiveCfg = Release|Any CPU
		{95A11A21-CC17-42BA-B685-FC0242963DB0}.Release|Any CPU.Build.0 = Release|Any CPU
		{68A24BD2-1F1B-42AA-9FE9-25BE45357D0C}.Debug|Any CPU.ActiveCfg = Debug|Any CPU
		{68A24BD2-1F1B-42AA-9FE9-25BE45357D0C}.Debug|Any CPU.Build.0 = Debug|Any CPU
		{68A24BD2-1F1B-42AA-9FE9-25BE45357D0C}.Release|Any CPU.ActiveCfg = Release|Any CPU
		{68A24BD2-1F1B-42AA-9FE9-25BE45357D0C}.Release|Any CPU.Build.0 = Release|Any CPU
	EndGlobalSection
	GlobalSection(SolutionProperties) = preSolution
		HideSolutionNode = FALSE
	EndGlobalSection
	GlobalSection(ExtensibilityGlobals) = postSolution
		SolutionGuid = {DE6D49CF-E98B-4D1B-88CF-07FE0BABA47B}
	EndGlobalSection
EndGlobal
